// !$*UTF8*$!
{
	archiveVersion = 1;
	classes = {
	};
	objectVersion = 46;
	objects = {

/* Begin PBXBuildFile section */
		CE4FDE811C10232C00B8911C /* main.m in Sources */ = {isa = PBXBuildFile; fileRef = CE4FDE801C10232C00B8911C /* main.m */; };
		CE4FDE841C10232C00B8911C /* AppDelegate.m in Sources */ = {isa = PBXBuildFile; fileRef = CE4FDE831C10232C00B8911C /* AppDelegate.m */; };
		CE4FDE871C10232C00B8911C /* ViewController.m in Sources */ = {isa = PBXBuildFile; fileRef = CE4FDE861C10232C00B8911C /* ViewController.m */; };
		CE4FDE8A1C10232C00B8911C /* Main.storyboard in Resources */ = {isa = PBXBuildFile; fileRef = CE4FDE881C10232C00B8911C /* Main.storyboard */; };
		CE4FDE8C1C10232C00B8911C /* Assets.xcassets in Resources */ = {isa = PBXBuildFile; fileRef = CE4FDE8B1C10232C00B8911C /* Assets.xcassets */; };
		CE4FDE8F1C10232C00B8911C /* LaunchScreen.storyboard in Resources */ = {isa = PBXBuildFile; fileRef = CE4FDE8D1C10232C00B8911C /* LaunchScreen.storyboard */; };
		CE9367781C153274009C1427 /* LoadingView.m in Sources */ = {isa = PBXBuildFile; fileRef = CE9367771C153274009C1427 /* LoadingView.m */; };
/* End PBXBuildFile section */

/* Begin PBXFileReference section */
		CE4FDE7C1C10232C00B8911C /* loading.app */ = {isa = PBXFileReference; explicitFileType = wrapper.application; includeInIndex = 0; path = loading.app; sourceTree = BUILT_PRODUCTS_DIR; };
		CE4FDE801C10232C00B8911C /* main.m */ = {isa = PBXFileReference; lastKnownFileType = sourcecode.c.objc; path = main.m; sourceTree = "<group>"; };
		CE4FDE821C10232C00B8911C /* AppDelegate.h */ = {isa = PBXFileReference; lastKnownFileType = sourcecode.c.h; path = AppDelegate.h; sourceTree = "<group>"; };
		CE4FDE831C10232C00B8911C /* AppDelegate.m */ = {isa = PBXFileReference; lastKnownFileType = sourcecode.c.objc; path = AppDelegate.m; sourceTree = "<group>"; };
		CE4FDE851C10232C00B8911C /* ViewController.h */ = {isa = PBXFileReference; lastKnownFileType = sourcecode.c.h; path = ViewController.h; sourceTree = "<group>"; };
		CE4FDE861C10232C00B8911C /* ViewController.m */ = {isa = PBXFileReference; lastKnownFileType = sourcecode.c.objc; path = ViewController.m; sourceTree = "<group>"; };
		CE4FDE891C10232C00B8911C /* Base */ = {isa = PBXFileReference; lastKnownFileType = file.storyboard; name = Base; path = Base.lproj/Main.storyboard; sourceTree = "<group>"; };
		CE4FDE8B1C10232C00B8911C /* Assets.xcassets */ = {isa = PBXFileReference; lastKnownFileType = folder.assetcatalog; path = Assets.xcassets; sourceTree = "<group>"; };
		CE4FDE8E1C10232C00B8911C /* Base */ = {isa = PBXFileReference; lastKnownFileType = file.storyboard; name = Base; path = Base.lproj/LaunchScreen.storyboard; sourceTree = "<group>"; };
		CE4FDE901C10232C00B8911C /* Info.plist */ = {isa = PBXFileReference; lastKnownFileType = text.plist.xml; path = Info.plist; sourceTree = "<group>"; };
		CE9367761C153274009C1427 /* LoadingView.h */ = {isa = PBXFileReference; fileEncoding = 4; lastKnownFileType = sourcecode.c.h; path = LoadingView.h; sourceTree = "<group>"; };
		CE9367771C153274009C1427 /* LoadingView.m */ = {isa = PBXFileReference; fileEncoding = 4; lastKnownFileType = sourcecode.c.objc; path = LoadingView.m; sourceTree = "<group>"; };
/* End PBXFileReference section */

/* Begin PBXFrameworksBuildPhase section */
		CE4FDE791C10232C00B8911C /* Frameworks */ = {
			isa = PBXFrameworksBuildPhase;
			buildActionMask = 2147483647;
			files = (
			);
			runOnlyForDeploymentPostprocessing = 0;
		};
/* End PBXFrameworksBuildPhase section */

/* Begin PBXGroup section */
		CE4FDE731C10232C00B8911C = {
			isa = PBXGroup;
			children = (
				CE4FDE7E1C10232C00B8911C /* loading */,
				CE4FDE7D1C10232C00B8911C /* Products */,
			);
			sourceTree = "<group>";
		};
		CE4FDE7D1C10232C00B8911C /* Products */ = {
			isa = PBXGroup;
			children = (
				CE4FDE7C1C10232C00B8911C /* loading.app */,
			);
			name = Products;
			sourceTree = "<group>";
		};
		CE4FDE7E1C10232C00B8911C /* loading */ = {
			isa = PBXGroup;
			children = (
				CE9367751C15323C009C1427 /* loadingView */,
				CE4FDE821C10232C00B8911C /* AppDelegate.h */,
				CE4FDE831C10232C00B8911C /* AppDelegate.m */,
				CE4FDE851C10232C00B8911C /* ViewController.h */,
				CE4FDE861C10232C00B8911C /* ViewController.m */,
				CE4FDE881C10232C00B8911C /* Main.storyboard */,
				CE4FDE8B1C10232C00B8911C /* Assets.xcassets */,
				CE4FDE8D1C10232C00B8911C /* LaunchScreen.storyboard */,
				CE4FDE901C10232C00B8911C /* Info.plist */,
				CE4FDE7F1C10232C00B8911C /* Supporting Files */,
			);
			path = loading;
			sourceTree = "<group>";
		};
		CE4FDE7F1C10232C00B8911C /* Supporting Files */ = {
			isa = PBXGroup;
			children = (
				CE4FDE801C10232C00B8911C /* main.m */,
			);
			name = "Supporting Files";
			sourceTree = "<group>";
		};
		CE9367751C15323C009C1427 /* loadingView */ = {
			isa = PBXGroup;
			children = (
				CE9367761C153274009C1427 /* LoadingView.h */,
				CE9367771C153274009C1427 /* LoadingView.m */,
			);
			path = loadingView;
			sourceTree = "<group>";
		};
/* End PBXGroup section */

/* Begin PBXNativeTarget section */
		CE4FDE7B1C10232C00B8911C /* loading */ = {
			isa = PBXNativeTarget;
			buildConfigurationList = CE4FDE931C10232C00B8911C /* Build configuration list for PBXNativeTarget "loading" */;
			buildPhases = (
				CE4FDE781C10232C00B8911C /* Sources */,
				CE4FDE791C10232C00B8911C /* Frameworks */,
				CE4FDE7A1C10232C00B8911C /* Resources */,
			);
			buildRules = (
			);
			dependencies = (
			);
			name = loading;
			productName = loading;
			productReference = CE4FDE7C1C10232C00B8911C /* loading.app */;
			productType = "com.apple.product-type.application";
		};
/* End PBXNativeTarget section */

/* Begin PBXProject section */
		CE4FDE741C10232C00B8911C /* Project object */ = {
			isa = PBXProject;
			attributes = {
				LastUpgradeCheck = 0710;
				ORGANIZATIONNAME = dailyios;
				TargetAttributes = {
					CE4FDE7B1C10232C00B8911C = {
						CreatedOnToolsVersion = 7.1;
					};
				};
			};
			buildConfigurationList = CE4FDE771C10232C00B8911C /* Build configuration list for PBXProject "loading" */;
			compatibilityVersion = "Xcode 3.2";
			developmentRegion = English;
			hasScannedForEncodings = 0;
			knownRegions = (
				en,
				Base,
			);
			mainGroup = CE4FDE731C10232C00B8911C;
			productRefGroup = CE4FDE7D1C10232C00B8911C /* Products */;
			projectDirPath = "";
			projectRoot = "";
			targets = (
				CE4FDE7B1C10232C00B8911C /* loading */,
			);
		};
/* End PBXProject section */

/* Begin PBXResourcesBuildPhase section */
		CE4FDE7A1C10232C00B8911C /* Resources */ = {
			isa = PBXResourcesBuildPhase;
			buildActionMask = 2147483647;
			files = (
				CE4FDE8F1C10232C00B8911C /* LaunchScreen.storyboard in Resources */,
				CE4FDE8C1C10232C00B8911C /* Assets.xcassets in Resources */,
				CE4FDE8A1C10232C00B8911C /* Main.storyboard in Resources */,
			);
			runOnlyForDeploymentPostprocessing = 0;
		};
/* End PBXResourcesBuildPhase section */

/* Begin PBXSourcesBuildPhase section */
		CE4FDE781C10232C00B8911C /* Sources */ = {
			isa = PBXSourcesBuildPhase;
			buildActionMask = 2147483647;
			files = (
				CE4FDE871C10232C00B8911C /* ViewController.m in Sources */,
				CE9367781C153274009C1427 /* LoadingView.m in Sources */,
				CE4FDE841C10232C00B8911C /* AppDelegate.m in Sources */,
				CE4FDE811C10232C00B8911C /* main.m in Sources */,
			);
			runOnlyForDeploymentPostprocessing = 0;
		};
/* End PBXSourcesBuildPhase section */

/* Begin PBXVariantGroup section */
		CE4FDE881C10232C00B8911C /* Main.storyboard */ = {
			isa = PBXVariantGroup;
			children = (
				CE4FDE891C10232C00B8911C /* Base */,
			);
			name = Main.storyboard;
			sourceTree = "<group>";
		};
		CE4FDE8D1C10232C00B8911C /* LaunchScreen.storyboard */ = {
			isa = PBXVariantGroup;
			children = (
				CE4FDE8E1C10232C00B8911C /* Base */,
			);
			name = LaunchScreen.storyboard;
			sourceTree = "<group>";
		};
/* End PBXVariantGroup section */

/* Begin XCBuildConfiguration section */
		CE4FDE911C10232C00B8911C /* Debug */ = {
			isa = XCBuildConfiguration;
			buildSettings = {
				ALWAYS_SEARCH_USER_PATHS = NO;
				CLANG_CXX_LANGUAGE_STANDARD = "gnu++0x";
				CLANG_CXX_LIBRARY = "libc++";
				CLANG_ENABLE_MODULES = YES;
				CLANG_ENABLE_OBJC_ARC = YES;
				CLANG_WARN_BOOL_CONVERSION = YES;
				CLANG_WARN_CONSTANT_CONVERSION = YES;
				CLANG_WARN_DIRECT_OBJC_ISA_USAGE = YES_ERROR;
				CLANG_WARN_EMPTY_BODY = YES;
				CLANG_WARN_ENUM_CONVERSION = YES;
				CLANG_WARN_INT_CONVERSION = YES;
				CLANG_WARN_OBJC_ROOT_CLASS = YES_ERROR;
				CLANG_WARN_UNREACHABLE_CODE = YES;
				CLANG_WARN__DUPLICATE_METHOD_MATCH = YES;
				"CODE_SIGN_IDENTITY[sdk=iphoneos*]" = "iPhone Developer";
				COPY_PHASE_STRIP = NO;
				DEBUG_INFORMATION_FORMAT = dwarf;
				ENABLE_STRICT_OBJC_MSGSEND = YES;
				ENABLE_TESTABILITY = YES;
				GCC_C_LANGUAGE_STANDARD = gnu99;
				GCC_DYNAMIC_NO_PIC = NO;
				GCC_NO_COMMON_BLOCKS = YES;
				GCC_OPTIMIZATION_LEVEL = 0;
				GCC_PREPROCESSOR_DEFINITIONS = (
					"DEBUG=1",
					"$(inherited)",
				);
				GCC_WARN_64_TO_32_BIT_CONVERSION = YES;
				GCC_WARN_ABOUT_RETURN_TYPE = YES_ERROR;
				GCC_WARN_UNDECLARED_SELECTOR = YES;
				GCC_WARN_UNINITIALIZED_AUTOS = YES_AGGRESSIVE;
				GCC_WARN_UNUSED_FUNCTION = YES;
				GCC_WARN_UNUSED_VARIABLE = YES;
				IPHONEOS_DEPLOYMENT_TARGET = 9.1;
				MTL_ENABLE_DEBUG_INFO = YES;
				ONLY_ACTIVE_ARCH = YES;
				SDKROOT = iphoneos;
			};
			name = Debug;
		};
		CE4FDE921C10232C00B8911C /* Release */ = {
			isa = XCBuildConfiguration;
			buildSettings = {
				ALWAYS_SEARCH_USER_PATHS = NO;
				CLANG_CXX_LANGUAGE_STANDARD = "gnu++0x";
				CLANG_CXX_LIBRARY = "libc++";
				CLANG_ENABLE_MODULES = YES;
				CLANG_ENABLE_OBJC_ARC = YES;
				CLANG_WARN_BOOL_CONVERSION = YES;
				CLANG_WARN_CONSTANT_CONVERSION = YES;
				CLANG_WARN_DIRECT_OBJC_ISA_USAGE = YES_ERROR;
				CLANG_WARN_EMPTY_BODY = YES;
				CLANG_WARN_ENUM_CONVERSION = YES;
				CLANG_WARN_INT_CONVERSION = YES;
				CLANG_WARN_OBJC_ROOT_CLASS = YES_ERROR;
				CLANG_WARN_UNREACHABLE_CODE = YES;
				CLANG_WARN__DUPLICATE_METHOD_MATCH = YES;
				"CODE_SIGN_IDENTITY[sdk=iphoneos*]" = "iPhone Developer";
				COPY_PHASE_STRIP = NO;
				DEBUG_INFORMATION_FORMAT = "dwarf-with-dsym";
				ENABLE_NS_ASSERTIONS = NO;
				ENABLE_STRICT_OBJC_MSGSEND = YES;
				GCC_C_LANGUAGE_STANDARD = gnu99;
				GCC_NO_COMMON_BLOCKS = YES;
				GCC_WARN_64_TO_32_BIT_CONVERSION = YES;
				GCC_WARN_ABOUT_RETURN_TYPE = YES_ERROR;
				GCC_WARN_UNDECLARED_SELECTOR = YES;
				GCC_WARN_UNINITIALIZED_AUTOS = YES_AGGRESSIVE;
				GCC_WARN_UNUSED_FUNCTION = YES;
				GCC_WARN_UNUSED_VARIABLE = YES;
				IPHONEOS_DEPLOYMENT_TARGET = 9.1;
				MTL_ENABLE_DEBUG_INFO = NO;
				SDKROOT = iphoneos;
				VALIDATE_PRODUCT = YES;
			};
			name = Release;
		};
		CE4FDE941C10232C00B8911C /* Debug */ = {
			isa = XCBuildConfiguration;
			buildSettings = {
				ASSETCATALOG_COMPILER_APPICON_NAME = AppIcon;
				INFOPLIST_FILE = loading/Info.plist;
				LD_RUNPATH_SEARCH_PATHS = "$(inherited) @executable_path/Frameworks";
				PRODUCT_BUNDLE_IDENTIFIER = com.dailyios.loading;
				PRODUCT_NAME = "$(TARGET_NAME)";
			};
			name = Debug;
		};
		CE4FDE951C10232C00B8911C /* Release */ = {
			isa = XCBuildConfiguration;
			buildSettings = {
				ASSETCATALOG_COMPILER_APPICON_NAME = AppIcon;
				INFOPLIST_FILE = loading/Info.plist;
				LD_RUNPATH_SEARCH_PATHS = "$(inherited) @executable_path/Frameworks";
				PRODUCT_BUNDLE_IDENTIFIER = com.dailyios.loading;
				PRODUCT_NAME = "$(TARGET_NAME)";
			};
			name = Release;
		};
/* End XCBuildConfiguration section */

/* Begin XCConfigurationList section */
		CE4FDE771C10232C00B8911C /* Build configuration list for PBXProject "loading" */ = {
			isa = XCConfigurationList;
			buildConfigurations = (
				CE4FDE911C10232C00B8911C /* Debug */,
				CE4FDE921C10232C00B8911C /* Release */,
			);
			defaultConfigurationIsVisible = 0;
			defaultConfigurationName = Release;
		};
		CE4FDE931C10232C00B8911C /* Build configuration list for PBXNativeTarget "loading" */ = {
			isa = XCConfigurationList;
			buildConfigurations = (
				CE4FDE941C10232C00B8911C /* Debug */,
				CE4FDE951C10232C00B8911C /* Release */,
			);
			defaultConfigurationIsVisible = 0;
			defaultConfigurationName = Release;
		};
/* End XCConfigurationList section */
	};
	rootObject = CE4FDE741C10232C00B8911C /* Project object */;
}
